PODS:
  - FYPhoto (1.2.0):
    - SDWebImage/Core
    - UICircularProgressRing
  - SDWebImage/Core (5.10.4)
  - UICircularProgressRing (8.0.0)

DEPENDENCIES:
  - FYPhoto (from `../`)

SPEC REPOS:
  trunk:
    - SDWebImage
    - UICircularProgressRing

EXTERNAL SOURCES:
  FYPhoto:
    :path: "../"

SPEC CHECKSUMS:
  FYPhoto: c76417af852a9f576bdb54084629d977ec546bb0
  SDWebImage: c666b97e1fa9c64b4909816a903322018f0a9c84
  UICircularProgressRing: 19927375b2b21b5fa5fd9582f15ccdef9659da16

PODFILE CHECKSUM: 81fe3f06201ddeb48f3b16203c835053bae0c7d9

COCOAPODS: 1.9.1
